
Microsoft Visual Studio Solution File, Format Version 12.00
# Visual Studio Version 17
VisualStudioVersion = 17.9.34723.18
MinimumVisualStudioVersion = 10.0.40219.1
Project("{FAE04EC0-301F-11D3-BF4B-00C04F79EFBC}") = "Catalogo", "Catalogo.csproj", "{CEE257BE-5D0E-4248-BD55-06913044CAFF}"
EndProject
Project("{FAE04EC0-301F-11D3-BF4B-00C04F79EFBC}") = "Dominio", "..\Dominio\Dominio.csproj", "{FD09C20F-ABE5-4C94-99C6-460453487116}"
EndProject
Project("{FAE04EC0-301F-11D3-BF4B-00C04F79EFBC}") = "Acciones", "..\Acciones\Acciones.csproj", "{299538DF-0D7A-47A4-AA55-81FDCCAED0BC}"
EndProject
Global
	GlobalSection(SolutionConfigurationPlatforms) = preSolution
		Debug|Any CPU = Debug|Any CPU
		Release|Any CPU = Release|Any CPU
	EndGlobalSection
	GlobalSection(ProjectConfigurationPlatforms) = postSolution
		{CEE257BE-5D0E-4248-BD55-06913044CAFF}.Debug|Any CPU.ActiveCfg = Debug|Any CPU
		{CEE257BE-5D0E-4248-BD55-06913044CAFF}.Debug|Any CPU.Build.0 = Debug|Any CPU
		{CEE257BE-5D0E-4248-BD55-06913044CAFF}.Release|Any CPU.ActiveCfg = Release|Any CPU
		{CEE257BE-5D0E-4248-BD55-06913044CAFF}.Release|Any CPU.Build.0 = Release|Any CPU
		{FD09C20F-ABE5-4C94-99C6-460453487116}.Debug|Any CPU.ActiveCfg = Debug|Any CPU
		{FD09C20F-ABE5-4C94-99C6-460453487116}.Debug|Any CPU.Build.0 = Debug|Any CPU
		{FD09C20F-ABE5-4C94-99C6-460453487116}.Release|Any CPU.ActiveCfg = Release|Any CPU
		{FD09C20F-ABE5-4C94-99C6-460453487116}.Release|Any CPU.Build.0 = Release|Any CPU
		{299538DF-0D7A-47A4-AA55-81FDCCAED0BC}.Debug|Any CPU.ActiveCfg = Debug|Any CPU
		{299538DF-0D7A-47A4-AA55-81FDCCAED0BC}.Debug|Any CPU.Build.0 = Debug|Any CPU
		{299538DF-0D7A-47A4-AA55-81FDCCAED0BC}.Release|Any CPU.ActiveCfg = Release|Any CPU
		{299538DF-0D7A-47A4-AA55-81FDCCAED0BC}.Release|Any CPU.Build.0 = Release|Any CPU
	EndGlobalSection
	GlobalSection(SolutionProperties) = preSolution
		HideSolutionNode = FALSE
	EndGlobalSection
	GlobalSection(ExtensibilityGlobals) = postSolution
		SolutionGuid = {209CFE4E-800F-4B0E-B5F5-29000987BD2B}
	EndGlobalSection
EndGlobal
